
Microsoft Visual Studio Solution File, Format Version 12.00
# Visual Studio Version 17
VisualStudioVersion = 17.4.33103.184
MinimumVisualStudioVersion = 10.0.40219.1
Project("{FAE04EC0-301F-11D3-BF4B-00C04F79EFBC}") = "NitroNet.Sitecore", "NitroNet.Sitecore\NitroNet.Sitecore.csproj", "{D5228116-9EBD-4055-B50B-33A2F28B2A6E}"
EndProject
Project("{FAE04EC0-301F-11D3-BF4B-00C04F79EFBC}") = "NitroNet.Sitecore.UnityModules", "NitroNet.Sitecore.UnityModules\NitroNet.Sitecore.UnityModules.csproj", "{F836AB0E-1182-4D45-836F-0066DEDE0D68}"
EndProject
Project("{FAE04EC0-301F-11D3-BF4B-00C04F79EFBC}") = "NitroNet.Sitecore.CastleWindsorModules", "NitroNet.Sitecore.CastleWindsorModules\NitroNet.Sitecore.CastleWindsorModules.csproj", "{7AB3D8F6-200A-4C56-8310-4FCBF862815B}"
EndProject
Project("{FAE04EC0-301F-11D3-BF4B-00C04F79EFBC}") = "NitroNet.Sitecore.Microsoft.DependencyInjection", "NitroNet.Sitecore.Microsoft.DependencyInjection\NitroNet.Sitecore.Microsoft.DependencyInjection.csproj", "{4252660C-89CA-43A2-9CBF-8FB66F710A42}"
EndProject
Project("{2150E333-8FDC-42A3-9474-1A3956D46DE8}") = ".nuget", ".nuget", "{0B61BA54-29AD-469C-9F41-170C9879E6C6}"
	ProjectSection(SolutionItems) = preProject
		.nuget\NuGet.Config = .nuget\NuGet.Config
		.nuget\NuGet.targets = .nuget\NuGet.targets
	EndProjectSection
EndProject
Global
	GlobalSection(SolutionConfigurationPlatforms) = preSolution
		Debug|Any CPU = Debug|Any CPU
		Debug-SC81|Any CPU = Debug-SC81|Any CPU
		Debug-SC82|Any CPU = Debug-SC82|Any CPU
		Debug-SC90|Any CPU = Debug-SC90|Any CPU
		Release|Any CPU = Release|Any CPU
		Release-SC81|Any CPU = Release-SC81|Any CPU
		Release-SC82|Any CPU = Release-SC82|Any CPU
		Release-SC90|Any CPU = Release-SC90|Any CPU
	EndGlobalSection
	GlobalSection(ProjectConfigurationPlatforms) = postSolution
		{D5228116-9EBD-4055-B50B-33A2F28B2A6E}.Debug|Any CPU.ActiveCfg = Debug|Any CPU
		{D5228116-9EBD-4055-B50B-33A2F28B2A6E}.Debug|Any CPU.Build.0 = Debug|Any CPU
		{D5228116-9EBD-4055-B50B-33A2F28B2A6E}.Debug-SC81|Any CPU.ActiveCfg = Debug-SC81|Any CPU
		{D5228116-9EBD-4055-B50B-33A2F28B2A6E}.Debug-SC81|Any CPU.Build.0 = Debug-SC81|Any CPU
		{D5228116-9EBD-4055-B50B-33A2F28B2A6E}.Debug-SC82|Any CPU.ActiveCfg = Debug-SC82|Any CPU
		{D5228116-9EBD-4055-B50B-33A2F28B2A6E}.Debug-SC82|Any CPU.Build.0 = Debug-SC82|Any CPU
		{D5228116-9EBD-4055-B50B-33A2F28B2A6E}.Debug-SC90|Any CPU.ActiveCfg = Debug-SC90|Any CPU
		{D5228116-9EBD-4055-B50B-33A2F28B2A6E}.Debug-SC90|Any CPU.Build.0 = Debug-SC90|Any CPU
		{D5228116-9EBD-4055-B50B-33A2F28B2A6E}.Release|Any CPU.ActiveCfg = Release|Any CPU
		{D5228116-9EBD-4055-B50B-33A2F28B2A6E}.Release|Any CPU.Build.0 = Release|Any CPU
		{D5228116-9EBD-4055-B50B-33A2F28B2A6E}.Release-SC81|Any CPU.ActiveCfg = Release-SC81|Any CPU
		{D5228116-9EBD-4055-B50B-33A2F28B2A6E}.Release-SC81|Any CPU.Build.0 = Release-SC81|Any CPU
		{D5228116-9EBD-4055-B50B-33A2F28B2A6E}.Release-SC82|Any CPU.ActiveCfg = Release-SC82|Any CPU
		{D5228116-9EBD-4055-B50B-33A2F28B2A6E}.Release-SC82|Any CPU.Build.0 = Release-SC82|Any CPU
		{D5228116-9EBD-4055-B50B-33A2F28B2A6E}.Release-SC90|Any CPU.ActiveCfg = Release-SC90|Any CPU
		{D5228116-9EBD-4055-B50B-33A2F28B2A6E}.Release-SC90|Any CPU.Build.0 = Release-SC90|Any CPU
		{F836AB0E-1182-4D45-836F-0066DEDE0D68}.Debug|Any CPU.ActiveCfg = Debug|Any CPU
		{F836AB0E-1182-4D45-836F-0066DEDE0D68}.Debug-SC81|Any CPU.ActiveCfg = Debug-SC81|Any CPU
		{F836AB0E-1182-4D45-836F-0066DEDE0D68}.Debug-SC81|Any CPU.Build.0 = Debug-SC81|Any CPU
		{F836AB0E-1182-4D45-836F-0066DEDE0D68}.Debug-SC82|Any CPU.ActiveCfg = Debug-SC82|Any CPU
		{F836AB0E-1182-4D45-836F-0066DEDE0D68}.Debug-SC82|Any CPU.Build.0 = Debug-SC82|Any CPU
		{F836AB0E-1182-4D45-836F-0066DEDE0D68}.Debug-SC90|Any CPU.ActiveCfg = Debug-SC90|Any CPU
		{F836AB0E-1182-4D45-836F-0066DEDE0D68}.Release|Any CPU.ActiveCfg = Release|Any CPU
		{F836AB0E-1182-4D45-836F-0066DEDE0D68}.Release-SC81|Any CPU.ActiveCfg = Release-SC81|Any CPU
		{F836AB0E-1182-4D45-836F-0066DEDE0D68}.Release-SC81|Any CPU.Build.0 = Release-SC81|Any CPU
		{F836AB0E-1182-4D45-836F-0066DEDE0D68}.Release-SC82|Any CPU.ActiveCfg = Release-SC82|Any CPU
		{F836AB0E-1182-4D45-836F-0066DEDE0D68}.Release-SC82|Any CPU.Build.0 = Release-SC82|Any CPU
		{F836AB0E-1182-4D45-836F-0066DEDE0D68}.Release-SC90|Any CPU.ActiveCfg = Release-SC90|Any CPU
		{7AB3D8F6-200A-4C56-8310-4FCBF862815B}.Debug|Any CPU.ActiveCfg = Debug|Any CPU
		{7AB3D8F6-200A-4C56-8310-4FCBF862815B}.Debug-SC81|Any CPU.ActiveCfg = Debug-SC81|Any CPU
		{7AB3D8F6-200A-4C56-8310-4FCBF862815B}.Debug-SC81|Any CPU.Build.0 = Debug-SC81|Any CPU
		{7AB3D8F6-200A-4C56-8310-4FCBF862815B}.Debug-SC82|Any CPU.ActiveCfg = Debug-SC82|Any CPU
		{7AB3D8F6-200A-4C56-8310-4FCBF862815B}.Debug-SC82|Any CPU.Build.0 = Debug-SC82|Any CPU
		{7AB3D8F6-200A-4C56-8310-4FCBF862815B}.Debug-SC90|Any CPU.ActiveCfg = Debug-SC90|Any CPU
		{7AB3D8F6-200A-4C56-8310-4FCBF862815B}.Release|Any CPU.ActiveCfg = Release|Any CPU
		{7AB3D8F6-200A-4C56-8310-4FCBF862815B}.Release-SC81|Any CPU.ActiveCfg = Release-SC81|Any CPU
		{7AB3D8F6-200A-4C56-8310-4FCBF862815B}.Release-SC81|Any CPU.Build.0 = Release-SC81|Any CPU
		{7AB3D8F6-200A-4C56-8310-4FCBF862815B}.Release-SC82|Any CPU.ActiveCfg = Release-SC82|Any CPU
		{7AB3D8F6-200A-4C56-8310-4FCBF862815B}.Release-SC82|Any CPU.Build.0 = Release-SC82|Any CPU
		{7AB3D8F6-200A-4C56-8310-4FCBF862815B}.Release-SC90|Any CPU.ActiveCfg = Release-SC90|Any CPU
		{4252660C-89CA-43A2-9CBF-8FB66F710A42}.Debug|Any CPU.ActiveCfg = Debug|Any CPU
		{4252660C-89CA-43A2-9CBF-8FB66F710A42}.Debug|Any CPU.Build.0 = Debug|Any CPU
		{4252660C-89CA-43A2-9CBF-8FB66F710A42}.Debug-SC81|Any CPU.ActiveCfg = Debug-SC82|Any CPU
		{4252660C-89CA-43A2-9CBF-8FB66F710A42}.Debug-SC82|Any CPU.ActiveCfg = Debug-SC82|Any CPU
		{4252660C-89CA-43A2-9CBF-8FB66F710A42}.Debug-SC82|Any CPU.Build.0 = Debug-SC82|Any CPU
		{4252660C-89CA-43A2-9CBF-8FB66F710A42}.Debug-SC90|Any CPU.ActiveCfg = Debug-SC90|Any CPU
		{4252660C-89CA-43A2-9CBF-8FB66F710A42}.Debug-SC90|Any CPU.Build.0 = Debug-SC90|Any CPU
		{4252660C-89CA-43A2-9CBF-8FB66F710A42}.Release|Any CPU.ActiveCfg = Release|Any CPU
		{4252660C-89CA-43A2-9CBF-8FB66F710A42}.Release|Any CPU.Build.0 = Release|Any CPU
		{4252660C-89CA-43A2-9CBF-8FB66F710A42}.Release-SC81|Any CPU.ActiveCfg = Release-SC82|Any CPU
		{4252660C-89CA-43A2-9CBF-8FB66F710A42}.Release-SC82|Any CPU.ActiveCfg = Release-SC82|Any CPU
		{4252660C-89CA-43A2-9CBF-8FB66F710A42}.Release-SC82|Any CPU.Build.0 = Release-SC82|Any CPU
		{4252660C-89CA-43A2-9CBF-8FB66F710A42}.Release-SC90|Any CPU.ActiveCfg = Release-SC90|Any CPU
		{4252660C-89CA-43A2-9CBF-8FB66F710A42}.Release-SC90|Any CPU.Build.0 = Release-SC90|Any CPU
	EndGlobalSection
	GlobalSection(SolutionProperties) = preSolution
		HideSolutionNode = FALSE
	EndGlobalSection
	GlobalSection(ExtensibilityGlobals) = postSolution
		SolutionGuid = {88A5E74C-DE1E-4CCE-A85F-67FDD2D2D1DB}
	EndGlobalSection
EndGlobal
